
Microsoft Visual Studio Solution File, Format Version 12.00
# Visual Studio Version 17
VisualStudioVersion = 17.14.36221.1
MinimumVisualStudioVersion = 10.0.40219.1
Project("{FAE04EC0-301F-11D3-BF4B-00C04F79EFBC}") = "top-interview-150", "top-interview-150\top-interview-150.csproj", "{F4CF572F-674D-4F31-95B4-6C5082D88779}"
EndProject
Project("{FAE04EC0-301F-11D3-BF4B-00C04F79EFBC}") = "209. Minimum Size Subarray Sum", "209. Minimum Size Subarray Sum\209. Minimum Size Subarray Sum.csproj", "{248D0919-62EB-46FE-8BFA-4B2043BD4652}"
EndProject
Project("{FAE04EC0-301F-11D3-BF4B-00C04F79EFBC}") = "560. Subarray Sum Equals K", "560. Subarray Sum Equals K\560. Subarray Sum Equals K.csproj", "{A5B8F660-0176-4A88-BA77-80C4EAC67AF4}"
EndProject
Project("{FAE04EC0-301F-11D3-BF4B-00C04F79EFBC}") = "3. Longest Substring Without Repeating Characters", "3. Longest Substring Without Repeating Characters\3. Longest Substring Without Repeating Characters.csproj", "{692C749B-B131-497D-95E1-32282CEDEBAC}"
EndProject
Project("{FAE04EC0-301F-11D3-BF4B-00C04F79EFBC}") = "27. Remove Element", "27. Remove Element\27. Remove Element.csproj", "{E66E866C-D147-4B76-8D31-C9A738C9357A}"
EndProject
Project("{FAE04EC0-301F-11D3-BF4B-00C04F79EFBC}") = "128. Longest Consecutive Sequence", "128. Longest Consecutive Sequence\128. Longest Consecutive Sequence.csproj", "{B9BDE917-181B-4AB9-BCEF-786B4D28A155}"
EndProject
Project("{FAE04EC0-301F-11D3-BF4B-00C04F79EFBC}") = "49. Group Anagrams", "49. Group Anagrams\49. Group Anagrams.csproj", "{EEE1F1C7-A834-4807-8EAF-79FA503E32A6}"
EndProject
Project("{FAE04EC0-301F-11D3-BF4B-00C04F79EFBC}") = "80. Remove Duplicates from Sorted Array II", "80. Remove Duplicates from Sorted Array II\80. Remove Duplicates from Sorted Array II.csproj", "{B3A58AEB-0375-41CB-9951-CC203F7288AD}"
EndProject
Project("{FAE04EC0-301F-11D3-BF4B-00C04F79EFBC}") = "7. Reverse Integer", "7. Reverse Integer\7. Reverse Integer.csproj", "{544E42F8-BE2C-45CF-AA78-2C5077DAD71A}"
EndProject
Project("{FAE04EC0-301F-11D3-BF4B-00C04F79EFBC}") = "1456. Maximum Number of Vowels in a Substring of Given Length", "1456. Maximum Number of Vowels in a Substring of Given Length\1456. Maximum Number of Vowels in a Substring of Given Length.csproj", "{16ABE0BE-E932-476F-8D56-BD8356140797}"
EndProject
Project("{FAE04EC0-301F-11D3-BF4B-00C04F79EFBC}") = "189. Rotate Array", "189. Rotate Array\189. Rotate Array.csproj", "{04AE550E-58BC-4AF6-B566-2F4C4D7E1702}"
EndProject
Project("{FAE04EC0-301F-11D3-BF4B-00C04F79EFBC}") = "121. Best Time to Buy and Sell Stock", "121. Best Time to Buy and Sell Stock\121. Best Time to Buy and Sell Stock.csproj", "{D87ECBE6-2C2C-4C0D-8E04-8705B1CE8D15}"
EndProject
Project("{FAE04EC0-301F-11D3-BF4B-00C04F79EFBC}") = "MergeSort", "MergeSort\MergeSort.csproj", "{F0C07BF0-6D3A-4047-A7B2-F51DC782A5B2}"
EndProject
Project("{FAE04EC0-301F-11D3-BF4B-00C04F79EFBC}") = "55. Jump Game", "55. Jump Game\55. Jump Game.csproj", "{CA8AFAD8-13CC-498E-903E-1415F54F47B0}"
EndProject
Project("{FAE04EC0-301F-11D3-BF4B-00C04F79EFBC}") = "88. Merge Sorted Array", "88. Merge Sorted Array\88. Merge Sorted Array.csproj", "{89EFC344-2846-43B5-8A0E-6FD79410DD3F}"
EndProject
Project("{FAE04EC0-301F-11D3-BF4B-00C04F79EFBC}") = "45. Jump Game II", "45. Jump Game II\45. Jump Game II.csproj", "{F5B5354E-1EBF-4B72-BC4E-F0C004EF6AB5}"
EndProject
Project("{FAE04EC0-301F-11D3-BF4B-00C04F79EFBC}") = "274. H-Index", "274. H-Index\274. H-Index.csproj", "{EFCF3D69-6AF9-4670-A926-72F14338956D}"
EndProject
Project("{FAE04EC0-301F-11D3-BF4B-00C04F79EFBC}") = "875. Koko Eating Bananas", "875. Koko Eating Bananas\875. Koko Eating Bananas.csproj", "{D9DF6166-41EE-45C1-B0FB-8B43F951FB1C}"
EndProject
Project("{FAE04EC0-301F-11D3-BF4B-00C04F79EFBC}") = "find-minimum-in-rotated-sorted-array", "find-minimum-in-rotated-sorted-array\find-minimum-in-rotated-sorted-array.csproj", "{1724101F-DF68-4084-97DD-C64022BDA58B}"
EndProject
Project("{FAE04EC0-301F-11D3-BF4B-00C04F79EFBC}") = "33. Search in Rotated Sorted Array", "33. Search in Rotated Sorted Array\33. Search in Rotated Sorted Array.csproj", "{448FE802-E40D-4E08-BB83-7754C59AAB43}"
EndProject
Project("{FAE04EC0-301F-11D3-BF4B-00C04F79EFBC}") = "BFS In Tree", "BFS In Tree\BFS In Tree.csproj", "{D2E09FE5-2158-4752-B695-B30C6ADE81D8}"
EndProject
Project("{FAE04EC0-301F-11D3-BF4B-00C04F79EFBC}") = "236. Lowest Common Ancestor of a Binary Tree", "236. Lowest Common Ancestor of a Binary Tree\236. Lowest Common Ancestor of a Binary Tree.csproj", "{E6A9790B-5A3B-4421-B184-3DAA07E880FA}"
EndProject
Project("{FAE04EC0-301F-11D3-BF4B-00C04F79EFBC}") = "129. Sum Root to Leaf Numbers", "129. Sum Root to Leaf Numbers\129. Sum Root to Leaf Numbers.csproj", "{2C59671E-340C-434D-8717-C83356849FBB}"
EndProject
Project("{FAE04EC0-301F-11D3-BF4B-00C04F79EFBC}") = "114. Flatten Binary Tree to Linked List", "114. Flatten Binary Tree to Linked List\114. Flatten Binary Tree to Linked List.csproj", "{3B65195D-0C3C-41BA-BCD8-80491D25A329}"
EndProject
Project("{FAE04EC0-301F-11D3-BF4B-00C04F79EFBC}") = "1004. Max Consecutive Ones III", "1004. Max Consecutive Ones III\1004. Max Consecutive Ones III.csproj", "{035B7D08-EE44-4588-AE59-B7CBD2829989}"
EndProject
Project("{FAE04EC0-301F-11D3-BF4B-00C04F79EFBC}") = "1448. Count Good Nodes in Binary Tree", "1448. Count Good Nodes in Binary Tree\1448. Count Good Nodes in Binary Tree.csproj", "{815D701F-C205-43C2-A5AD-A7FD2398E04D}"
EndProject
Project("{FAE04EC0-301F-11D3-BF4B-00C04F79EFBC}") = "2300. Successful Pairs of Spells and Potions", "2300. Successful Pairs of Spells and Potions\2300. Successful Pairs of Spells and Potions.csproj", "{C8772F14-6294-4490-A818-782712B10F88}"
EndProject
Project("{FAE04EC0-301F-11D3-BF4B-00C04F79EFBC}") = "162. Find Peak Element", "162. Find Peak Element\162. Find Peak Element.csproj", "{FD9CE763-99A3-4FC4-95F5-9CDC78A885F1}"
EndProject
Project("{FAE04EC0-301F-11D3-BF4B-00C04F79EFBC}") = "138. Copy List with Random Pointer", "138. Copy List with Random Pointer\138. Copy List with Random Pointer.csproj", "{714A8242-AC09-438B-87C2-1FCE3C06491A}"
EndProject
Project("{FAE04EC0-301F-11D3-BF4B-00C04F79EFBC}") = "117. Populating Next Right Pointers in Each Node IIv", "117. Populating Next Right Pointers in Each Node IIv\117. Populating Next Right Pointers in Each Node IIv.csproj", "{E393ACC1-934F-480C-9547-BEA79C031F2E}"
EndProject
Global
	GlobalSection(SolutionConfigurationPlatforms) = preSolution
		Debug|Any CPU = Debug|Any CPU
		Release|Any CPU = Release|Any CPU
	EndGlobalSection
	GlobalSection(ProjectConfigurationPlatforms) = postSolution
		{F4CF572F-674D-4F31-95B4-6C5082D88779}.Debug|Any CPU.ActiveCfg = Debug|Any CPU
		{F4CF572F-674D-4F31-95B4-6C5082D88779}.Debug|Any CPU.Build.0 = Debug|Any CPU
		{F4CF572F-674D-4F31-95B4-6C5082D88779}.Release|Any CPU.ActiveCfg = Release|Any CPU
		{F4CF572F-674D-4F31-95B4-6C5082D88779}.Release|Any CPU.Build.0 = Release|Any CPU
		{248D0919-62EB-46FE-8BFA-4B2043BD4652}.Debug|Any CPU.ActiveCfg = Debug|Any CPU
		{248D0919-62EB-46FE-8BFA-4B2043BD4652}.Debug|Any CPU.Build.0 = Debug|Any CPU
		{248D0919-62EB-46FE-8BFA-4B2043BD4652}.Release|Any CPU.ActiveCfg = Release|Any CPU
		{248D0919-62EB-46FE-8BFA-4B2043BD4652}.Release|Any CPU.Build.0 = Release|Any CPU
		{A5B8F660-0176-4A88-BA77-80C4EAC67AF4}.Debug|Any CPU.ActiveCfg = Debug|Any CPU
		{A5B8F660-0176-4A88-BA77-80C4EAC67AF4}.Debug|Any CPU.Build.0 = Debug|Any CPU
		{A5B8F660-0176-4A88-BA77-80C4EAC67AF4}.Release|Any CPU.ActiveCfg = Release|Any CPU
		{A5B8F660-0176-4A88-BA77-80C4EAC67AF4}.Release|Any CPU.Build.0 = Release|Any CPU
		{692C749B-B131-497D-95E1-32282CEDEBAC}.Debug|Any CPU.ActiveCfg = Debug|Any CPU
		{692C749B-B131-497D-95E1-32282CEDEBAC}.Debug|Any CPU.Build.0 = Debug|Any CPU
		{692C749B-B131-497D-95E1-32282CEDEBAC}.Release|Any CPU.ActiveCfg = Release|Any CPU
		{692C749B-B131-497D-95E1-32282CEDEBAC}.Release|Any CPU.Build.0 = Release|Any CPU
		{E66E866C-D147-4B76-8D31-C9A738C9357A}.Debug|Any CPU.ActiveCfg = Debug|Any CPU
		{E66E866C-D147-4B76-8D31-C9A738C9357A}.Debug|Any CPU.Build.0 = Debug|Any CPU
		{E66E866C-D147-4B76-8D31-C9A738C9357A}.Release|Any CPU.ActiveCfg = Release|Any CPU
		{E66E866C-D147-4B76-8D31-C9A738C9357A}.Release|Any CPU.Build.0 = Release|Any CPU
		{B9BDE917-181B-4AB9-BCEF-786B4D28A155}.Debug|Any CPU.ActiveCfg = Debug|Any CPU
		{B9BDE917-181B-4AB9-BCEF-786B4D28A155}.Debug|Any CPU.Build.0 = Debug|Any CPU
		{B9BDE917-181B-4AB9-BCEF-786B4D28A155}.Release|Any CPU.ActiveCfg = Release|Any CPU
		{B9BDE917-181B-4AB9-BCEF-786B4D28A155}.Release|Any CPU.Build.0 = Release|Any CPU
		{EEE1F1C7-A834-4807-8EAF-79FA503E32A6}.Debug|Any CPU.ActiveCfg = Debug|Any CPU
		{EEE1F1C7-A834-4807-8EAF-79FA503E32A6}.Debug|Any CPU.Build.0 = Debug|Any CPU
		{EEE1F1C7-A834-4807-8EAF-79FA503E32A6}.Release|Any CPU.ActiveCfg = Release|Any CPU
		{EEE1F1C7-A834-4807-8EAF-79FA503E32A6}.Release|Any CPU.Build.0 = Release|Any CPU
		{B3A58AEB-0375-41CB-9951-CC203F7288AD}.Debug|Any CPU.ActiveCfg = Debug|Any CPU
		{B3A58AEB-0375-41CB-9951-CC203F7288AD}.Debug|Any CPU.Build.0 = Debug|Any CPU
		{B3A58AEB-0375-41CB-9951-CC203F7288AD}.Release|Any CPU.ActiveCfg = Release|Any CPU
		{B3A58AEB-0375-41CB-9951-CC203F7288AD}.Release|Any CPU.Build.0 = Release|Any CPU
		{544E42F8-BE2C-45CF-AA78-2C5077DAD71A}.Debug|Any CPU.ActiveCfg = Debug|Any CPU
		{544E42F8-BE2C-45CF-AA78-2C5077DAD71A}.Debug|Any CPU.Build.0 = Debug|Any CPU
		{544E42F8-BE2C-45CF-AA78-2C5077DAD71A}.Release|Any CPU.ActiveCfg = Release|Any CPU
		{544E42F8-BE2C-45CF-AA78-2C5077DAD71A}.Release|Any CPU.Build.0 = Release|Any CPU
		{16ABE0BE-E932-476F-8D56-BD8356140797}.Debug|Any CPU.ActiveCfg = Debug|Any CPU
		{16ABE0BE-E932-476F-8D56-BD8356140797}.Debug|Any CPU.Build.0 = Debug|Any CPU
		{16ABE0BE-E932-476F-8D56-BD8356140797}.Release|Any CPU.ActiveCfg = Release|Any CPU
		{16ABE0BE-E932-476F-8D56-BD8356140797}.Release|Any CPU.Build.0 = Release|Any CPU
		{04AE550E-58BC-4AF6-B566-2F4C4D7E1702}.Debug|Any CPU.ActiveCfg = Debug|Any CPU
		{04AE550E-58BC-4AF6-B566-2F4C4D7E1702}.Debug|Any CPU.Build.0 = Debug|Any CPU
		{04AE550E-58BC-4AF6-B566-2F4C4D7E1702}.Release|Any CPU.ActiveCfg = Release|Any CPU
		{04AE550E-58BC-4AF6-B566-2F4C4D7E1702}.Release|Any CPU.Build.0 = Release|Any CPU
		{D87ECBE6-2C2C-4C0D-8E04-8705B1CE8D15}.Debug|Any CPU.ActiveCfg = Debug|Any CPU
		{D87ECBE6-2C2C-4C0D-8E04-8705B1CE8D15}.Debug|Any CPU.Build.0 = Debug|Any CPU
		{D87ECBE6-2C2C-4C0D-8E04-8705B1CE8D15}.Release|Any CPU.ActiveCfg = Release|Any CPU
		{D87ECBE6-2C2C-4C0D-8E04-8705B1CE8D15}.Release|Any CPU.Build.0 = Release|Any CPU
		{F0C07BF0-6D3A-4047-A7B2-F51DC782A5B2}.Debug|Any CPU.ActiveCfg = Debug|Any CPU
		{F0C07BF0-6D3A-4047-A7B2-F51DC782A5B2}.Debug|Any CPU.Build.0 = Debug|Any CPU
		{F0C07BF0-6D3A-4047-A7B2-F51DC782A5B2}.Release|Any CPU.ActiveCfg = Release|Any CPU
		{F0C07BF0-6D3A-4047-A7B2-F51DC782A5B2}.Release|Any CPU.Build.0 = Release|Any CPU
		{CA8AFAD8-13CC-498E-903E-1415F54F47B0}.Debug|Any CPU.ActiveCfg = Debug|Any CPU
		{CA8AFAD8-13CC-498E-903E-1415F54F47B0}.Debug|Any CPU.Build.0 = Debug|Any CPU
		{CA8AFAD8-13CC-498E-903E-1415F54F47B0}.Release|Any CPU.ActiveCfg = Release|Any CPU
		{CA8AFAD8-13CC-498E-903E-1415F54F47B0}.Release|Any CPU.Build.0 = Release|Any CPU
		{89EFC344-2846-43B5-8A0E-6FD79410DD3F}.Debug|Any CPU.ActiveCfg = Debug|Any CPU
		{89EFC344-2846-43B5-8A0E-6FD79410DD3F}.Debug|Any CPU.Build.0 = Debug|Any CPU
		{89EFC344-2846-43B5-8A0E-6FD79410DD3F}.Release|Any CPU.ActiveCfg = Release|Any CPU
		{89EFC344-2846-43B5-8A0E-6FD79410DD3F}.Release|Any CPU.Build.0 = Release|Any CPU
		{F5B5354E-1EBF-4B72-BC4E-F0C004EF6AB5}.Debug|Any CPU.ActiveCfg = Debug|Any CPU
		{F5B5354E-1EBF-4B72-BC4E-F0C004EF6AB5}.Debug|Any CPU.Build.0 = Debug|Any CPU
		{F5B5354E-1EBF-4B72-BC4E-F0C004EF6AB5}.Release|Any CPU.ActiveCfg = Release|Any CPU
		{F5B5354E-1EBF-4B72-BC4E-F0C004EF6AB5}.Release|Any CPU.Build.0 = Release|Any CPU
		{EFCF3D69-6AF9-4670-A926-72F14338956D}.Debug|Any CPU.ActiveCfg = Debug|Any CPU
		{EFCF3D69-6AF9-4670-A926-72F14338956D}.Debug|Any CPU.Build.0 = Debug|Any CPU
		{EFCF3D69-6AF9-4670-A926-72F14338956D}.Release|Any CPU.ActiveCfg = Release|Any CPU
		{EFCF3D69-6AF9-4670-A926-72F14338956D}.Release|Any CPU.Build.0 = Release|Any CPU
		{D9DF6166-41EE-45C1-B0FB-8B43F951FB1C}.Debug|Any CPU.ActiveCfg = Debug|Any CPU
		{D9DF6166-41EE-45C1-B0FB-8B43F951FB1C}.Debug|Any CPU.Build.0 = Debug|Any CPU
		{D9DF6166-41EE-45C1-B0FB-8B43F951FB1C}.Release|Any CPU.ActiveCfg = Release|Any CPU
		{D9DF6166-41EE-45C1-B0FB-8B43F951FB1C}.Release|Any CPU.Build.0 = Release|Any CPU
		{1724101F-DF68-4084-97DD-C64022BDA58B}.Debug|Any CPU.ActiveCfg = Debug|Any CPU
		{1724101F-DF68-4084-97DD-C64022BDA58B}.Debug|Any CPU.Build.0 = Debug|Any CPU
		{1724101F-DF68-4084-97DD-C64022BDA58B}.Release|Any CPU.ActiveCfg = Release|Any CPU
		{1724101F-DF68-4084-97DD-C64022BDA58B}.Release|Any CPU.Build.0 = Release|Any CPU
		{448FE802-E40D-4E08-BB83-7754C59AAB43}.Debug|Any CPU.ActiveCfg = Debug|Any CPU
		{448FE802-E40D-4E08-BB83-7754C59AAB43}.Debug|Any CPU.Build.0 = Debug|Any CPU
		{448FE802-E40D-4E08-BB83-7754C59AAB43}.Release|Any CPU.ActiveCfg = Release|Any CPU
		{448FE802-E40D-4E08-BB83-7754C59AAB43}.Release|Any CPU.Build.0 = Release|Any CPU
		{D2E09FE5-2158-4752-B695-B30C6ADE81D8}.Debug|Any CPU.ActiveCfg = Debug|Any CPU
		{D2E09FE5-2158-4752-B695-B30C6ADE81D8}.Debug|Any CPU.Build.0 = Debug|Any CPU
		{D2E09FE5-2158-4752-B695-B30C6ADE81D8}.Release|Any CPU.ActiveCfg = Release|Any CPU
		{D2E09FE5-2158-4752-B695-B30C6ADE81D8}.Release|Any CPU.Build.0 = Release|Any CPU
		{E6A9790B-5A3B-4421-B184-3DAA07E880FA}.Debug|Any CPU.ActiveCfg = Debug|Any CPU
		{E6A9790B-5A3B-4421-B184-3DAA07E880FA}.Debug|Any CPU.Build.0 = Debug|Any CPU
		{E6A9790B-5A3B-4421-B184-3DAA07E880FA}.Release|Any CPU.ActiveCfg = Release|Any CPU
		{E6A9790B-5A3B-4421-B184-3DAA07E880FA}.Release|Any CPU.Build.0 = Release|Any CPU
		{2C59671E-340C-434D-8717-C83356849FBB}.Debug|Any CPU.ActiveCfg = Debug|Any CPU
		{2C59671E-340C-434D-8717-C83356849FBB}.Debug|Any CPU.Build.0 = Debug|Any CPU
		{2C59671E-340C-434D-8717-C83356849FBB}.Release|Any CPU.ActiveCfg = Release|Any CPU
		{2C59671E-340C-434D-8717-C83356849FBB}.Release|Any CPU.Build.0 = Release|Any CPU
		{3B65195D-0C3C-41BA-BCD8-80491D25A329}.Debug|Any CPU.ActiveCfg = Debug|Any CPU
		{3B65195D-0C3C-41BA-BCD8-80491D25A329}.Debug|Any CPU.Build.0 = Debug|Any CPU
		{3B65195D-0C3C-41BA-BCD8-80491D25A329}.Release|Any CPU.ActiveCfg = Release|Any CPU
		{3B65195D-0C3C-41BA-BCD8-80491D25A329}.Release|Any CPU.Build.0 = Release|Any CPU
		{035B7D08-EE44-4588-AE59-B7CBD2829989}.Debug|Any CPU.ActiveCfg = Debug|Any CPU
		{035B7D08-EE44-4588-AE59-B7CBD2829989}.Debug|Any CPU.Build.0 = Debug|Any CPU
		{035B7D08-EE44-4588-AE59-B7CBD2829989}.Release|Any CPU.ActiveCfg = Release|Any CPU
		{035B7D08-EE44-4588-AE59-B7CBD2829989}.Release|Any CPU.Build.0 = Release|Any CPU
		{815D701F-C205-43C2-A5AD-A7FD2398E04D}.Debug|Any CPU.ActiveCfg = Debug|Any CPU
		{815D701F-C205-43C2-A5AD-A7FD2398E04D}.Debug|Any CPU.Build.0 = Debug|Any CPU
		{815D701F-C205-43C2-A5AD-A7FD2398E04D}.Release|Any CPU.ActiveCfg = Release|Any CPU
		{815D701F-C205-43C2-A5AD-A7FD2398E04D}.Release|Any CPU.Build.0 = Release|Any CPU
		{C8772F14-6294-4490-A818-782712B10F88}.Debug|Any CPU.ActiveCfg = Debug|Any CPU
		{C8772F14-6294-4490-A818-782712B10F88}.Debug|Any CPU.Build.0 = Debug|Any CPU
		{C8772F14-6294-4490-A818-782712B10F88}.Release|Any CPU.ActiveCfg = Release|Any CPU
		{C8772F14-6294-4490-A818-782712B10F88}.Release|Any CPU.Build.0 = Release|Any CPU
		{FD9CE763-99A3-4FC4-95F5-9CDC78A885F1}.Debug|Any CPU.ActiveCfg = Debug|Any CPU
		{FD9CE763-99A3-4FC4-95F5-9CDC78A885F1}.Debug|Any CPU.Build.0 = Debug|Any CPU
		{FD9CE763-99A3-4FC4-95F5-9CDC78A885F1}.Release|Any CPU.ActiveCfg = Release|Any CPU
		{FD9CE763-99A3-4FC4-95F5-9CDC78A885F1}.Release|Any CPU.Build.0 = Release|Any CPU
		{714A8242-AC09-438B-87C2-1FCE3C06491A}.Debug|Any CPU.ActiveCfg = Debug|Any CPU
		{714A8242-AC09-438B-87C2-1FCE3C06491A}.Debug|Any CPU.Build.0 = Debug|Any CPU
		{714A8242-AC09-438B-87C2-1FCE3C06491A}.Release|Any CPU.ActiveCfg = Release|Any CPU
		{714A8242-AC09-438B-87C2-1FCE3C06491A}.Release|Any CPU.Build.0 = Release|Any CPU
		{E393ACC1-934F-480C-9547-BEA79C031F2E}.Debug|Any CPU.ActiveCfg = Debug|Any CPU
		{E393ACC1-934F-480C-9547-BEA79C031F2E}.Debug|Any CPU.Build.0 = Debug|Any CPU
		{E393ACC1-934F-480C-9547-BEA79C031F2E}.Release|Any CPU.ActiveCfg = Release|Any CPU
		{E393ACC1-934F-480C-9547-BEA79C031F2E}.Release|Any CPU.Build.0 = Release|Any CPU
	EndGlobalSection
	GlobalSection(SolutionProperties) = preSolution
		HideSolutionNode = FALSE
	EndGlobalSection
	GlobalSection(ExtensibilityGlobals) = postSolution
		SolutionGuid = {BC402FDE-8EF6-40F5-92F9-4A14A2E83F6E}
	EndGlobalSection
EndGlobal
