
Microsoft Visual Studio Solution File, Format Version 12.00
# Visual Studio Version 17
VisualStudioVersion = 17.14.36221.1
MinimumVisualStudioVersion = 10.0.40219.1
Project("{FAE04EC0-301F-11D3-BF4B-00C04F79EFBC}") = "top-interview-150", "top-interview-150\top-interview-150.csproj", "{F4CF572F-674D-4F31-95B4-6C5082D88779}"
EndProject
Project("{FAE04EC0-301F-11D3-BF4B-00C04F79EFBC}") = "209. Minimum Size Subarray Sum", "209. Minimum Size Subarray Sum\209. Minimum Size Subarray Sum.csproj", "{248D0919-62EB-46FE-8BFA-4B2043BD4652}"
EndProject
Project("{FAE04EC0-301F-11D3-BF4B-00C04F79EFBC}") = "560. Subarray Sum Equals K", "560. Subarray Sum Equals K\560. Subarray Sum Equals K.csproj", "{A5B8F660-0176-4A88-BA77-80C4EAC67AF4}"
EndProject
Project("{FAE04EC0-301F-11D3-BF4B-00C04F79EFBC}") = "3. Longest Substring Without Repeating Characters", "3. Longest Substring Without Repeating Characters\3. Longest Substring Without Repeating Characters.csproj", "{692C749B-B131-497D-95E1-32282CEDEBAC}"
EndProject
Project("{FAE04EC0-301F-11D3-BF4B-00C04F79EFBC}") = "27. Remove Element", "27. Remove Element\27. Remove Element.csproj", "{E66E866C-D147-4B76-8D31-C9A738C9357A}"
EndProject
Project("{FAE04EC0-301F-11D3-BF4B-00C04F79EFBC}") = "128. Longest Consecutive Sequence", "128. Longest Consecutive Sequence\128. Longest Consecutive Sequence.csproj", "{B9BDE917-181B-4AB9-BCEF-786B4D28A155}"
EndProject
Project("{FAE04EC0-301F-11D3-BF4B-00C04F79EFBC}") = "49. Group Anagrams", "49. Group Anagrams\49. Group Anagrams.csproj", "{EEE1F1C7-A834-4807-8EAF-79FA503E32A6}"
EndProject
Project("{FAE04EC0-301F-11D3-BF4B-00C04F79EFBC}") = "80. Remove Duplicates from Sorted Array II", "80. Remove Duplicates from Sorted Array II\80. Remove Duplicates from Sorted Array II.csproj", "{B3A58AEB-0375-41CB-9951-CC203F7288AD}"
EndProject
Project("{FAE04EC0-301F-11D3-BF4B-00C04F79EFBC}") = "7. Reverse Integer", "7. Reverse Integer\7. Reverse Integer.csproj", "{544E42F8-BE2C-45CF-AA78-2C5077DAD71A}"
EndProject
Project("{FAE04EC0-301F-11D3-BF4B-00C04F79EFBC}") = "1456. Maximum Number of Vowels in a Substring of Given Length", "1456. Maximum Number of Vowels in a Substring of Given Length\1456. Maximum Number of Vowels in a Substring of Given Length.csproj", "{16ABE0BE-E932-476F-8D56-BD8356140797}"
EndProject
Project("{FAE04EC0-301F-11D3-BF4B-00C04F79EFBC}") = "189. Rotate Array", "189. Rotate Array\189. Rotate Array.csproj", "{04AE550E-58BC-4AF6-B566-2F4C4D7E1702}"
EndProject
Project("{FAE04EC0-301F-11D3-BF4B-00C04F79EFBC}") = "121. Best Time to Buy and Sell Stock", "121. Best Time to Buy and Sell Stock\121. Best Time to Buy and Sell Stock.csproj", "{D87ECBE6-2C2C-4C0D-8E04-8705B1CE8D15}"
EndProject
Project("{FAE04EC0-301F-11D3-BF4B-00C04F79EFBC}") = "MergeSort", "MergeSort\MergeSort.csproj", "{F0C07BF0-6D3A-4047-A7B2-F51DC782A5B2}"
EndProject
Global
	GlobalSection(SolutionConfigurationPlatforms) = preSolution
		Debug|Any CPU = Debug|Any CPU
		Release|Any CPU = Release|Any CPU
	EndGlobalSection
	GlobalSection(ProjectConfigurationPlatforms) = postSolution
		{F4CF572F-674D-4F31-95B4-6C5082D88779}.Debug|Any CPU.ActiveCfg = Debug|Any CPU
		{F4CF572F-674D-4F31-95B4-6C5082D88779}.Debug|Any CPU.Build.0 = Debug|Any CPU
		{F4CF572F-674D-4F31-95B4-6C5082D88779}.Release|Any CPU.ActiveCfg = Release|Any CPU
		{F4CF572F-674D-4F31-95B4-6C5082D88779}.Release|Any CPU.Build.0 = Release|Any CPU
		{248D0919-62EB-46FE-8BFA-4B2043BD4652}.Debug|Any CPU.ActiveCfg = Debug|Any CPU
		{248D0919-62EB-46FE-8BFA-4B2043BD4652}.Debug|Any CPU.Build.0 = Debug|Any CPU
		{248D0919-62EB-46FE-8BFA-4B2043BD4652}.Release|Any CPU.ActiveCfg = Release|Any CPU
		{248D0919-62EB-46FE-8BFA-4B2043BD4652}.Release|Any CPU.Build.0 = Release|Any CPU
		{A5B8F660-0176-4A88-BA77-80C4EAC67AF4}.Debug|Any CPU.ActiveCfg = Debug|Any CPU
		{A5B8F660-0176-4A88-BA77-80C4EAC67AF4}.Debug|Any CPU.Build.0 = Debug|Any CPU
		{A5B8F660-0176-4A88-BA77-80C4EAC67AF4}.Release|Any CPU.ActiveCfg = Release|Any CPU
		{A5B8F660-0176-4A88-BA77-80C4EAC67AF4}.Release|Any CPU.Build.0 = Release|Any CPU
		{692C749B-B131-497D-95E1-32282CEDEBAC}.Debug|Any CPU.ActiveCfg = Debug|Any CPU
		{692C749B-B131-497D-95E1-32282CEDEBAC}.Debug|Any CPU.Build.0 = Debug|Any CPU
		{692C749B-B131-497D-95E1-32282CEDEBAC}.Release|Any CPU.ActiveCfg = Release|Any CPU
		{692C749B-B131-497D-95E1-32282CEDEBAC}.Release|Any CPU.Build.0 = Release|Any CPU
		{E66E866C-D147-4B76-8D31-C9A738C9357A}.Debug|Any CPU.ActiveCfg = Debug|Any CPU
		{E66E866C-D147-4B76-8D31-C9A738C9357A}.Debug|Any CPU.Build.0 = Debug|Any CPU
		{E66E866C-D147-4B76-8D31-C9A738C9357A}.Release|Any CPU.ActiveCfg = Release|Any CPU
		{E66E866C-D147-4B76-8D31-C9A738C9357A}.Release|Any CPU.Build.0 = Release|Any CPU
		{B9BDE917-181B-4AB9-BCEF-786B4D28A155}.Debug|Any CPU.ActiveCfg = Debug|Any CPU
		{B9BDE917-181B-4AB9-BCEF-786B4D28A155}.Debug|Any CPU.Build.0 = Debug|Any CPU
		{B9BDE917-181B-4AB9-BCEF-786B4D28A155}.Release|Any CPU.ActiveCfg = Release|Any CPU
		{B9BDE917-181B-4AB9-BCEF-786B4D28A155}.Release|Any CPU.Build.0 = Release|Any CPU
		{EEE1F1C7-A834-4807-8EAF-79FA503E32A6}.Debug|Any CPU.ActiveCfg = Debug|Any CPU
		{EEE1F1C7-A834-4807-8EAF-79FA503E32A6}.Debug|Any CPU.Build.0 = Debug|Any CPU
		{EEE1F1C7-A834-4807-8EAF-79FA503E32A6}.Release|Any CPU.ActiveCfg = Release|Any CPU
		{EEE1F1C7-A834-4807-8EAF-79FA503E32A6}.Release|Any CPU.Build.0 = Release|Any CPU
		{B3A58AEB-0375-41CB-9951-CC203F7288AD}.Debug|Any CPU.ActiveCfg = Debug|Any CPU
		{B3A58AEB-0375-41CB-9951-CC203F7288AD}.Debug|Any CPU.Build.0 = Debug|Any CPU
		{B3A58AEB-0375-41CB-9951-CC203F7288AD}.Release|Any CPU.ActiveCfg = Release|Any CPU
		{B3A58AEB-0375-41CB-9951-CC203F7288AD}.Release|Any CPU.Build.0 = Release|Any CPU
		{544E42F8-BE2C-45CF-AA78-2C5077DAD71A}.Debug|Any CPU.ActiveCfg = Debug|Any CPU
		{544E42F8-BE2C-45CF-AA78-2C5077DAD71A}.Debug|Any CPU.Build.0 = Debug|Any CPU
		{544E42F8-BE2C-45CF-AA78-2C5077DAD71A}.Release|Any CPU.ActiveCfg = Release|Any CPU
		{544E42F8-BE2C-45CF-AA78-2C5077DAD71A}.Release|Any CPU.Build.0 = Release|Any CPU
		{16ABE0BE-E932-476F-8D56-BD8356140797}.Debug|Any CPU.ActiveCfg = Debug|Any CPU
		{16ABE0BE-E932-476F-8D56-BD8356140797}.Debug|Any CPU.Build.0 = Debug|Any CPU
		{16ABE0BE-E932-476F-8D56-BD8356140797}.Release|Any CPU.ActiveCfg = Release|Any CPU
		{16ABE0BE-E932-476F-8D56-BD8356140797}.Release|Any CPU.Build.0 = Release|Any CPU
		{04AE550E-58BC-4AF6-B566-2F4C4D7E1702}.Debug|Any CPU.ActiveCfg = Debug|Any CPU
		{04AE550E-58BC-4AF6-B566-2F4C4D7E1702}.Debug|Any CPU.Build.0 = Debug|Any CPU
		{04AE550E-58BC-4AF6-B566-2F4C4D7E1702}.Release|Any CPU.ActiveCfg = Release|Any CPU
		{04AE550E-58BC-4AF6-B566-2F4C4D7E1702}.Release|Any CPU.Build.0 = Release|Any CPU
		{D87ECBE6-2C2C-4C0D-8E04-8705B1CE8D15}.Debug|Any CPU.ActiveCfg = Debug|Any CPU
		{D87ECBE6-2C2C-4C0D-8E04-8705B1CE8D15}.Debug|Any CPU.Build.0 = Debug|Any CPU
		{D87ECBE6-2C2C-4C0D-8E04-8705B1CE8D15}.Release|Any CPU.ActiveCfg = Release|Any CPU
		{D87ECBE6-2C2C-4C0D-8E04-8705B1CE8D15}.Release|Any CPU.Build.0 = Release|Any CPU
		{F0C07BF0-6D3A-4047-A7B2-F51DC782A5B2}.Debug|Any CPU.ActiveCfg = Debug|Any CPU
		{F0C07BF0-6D3A-4047-A7B2-F51DC782A5B2}.Debug|Any CPU.Build.0 = Debug|Any CPU
		{F0C07BF0-6D3A-4047-A7B2-F51DC782A5B2}.Release|Any CPU.ActiveCfg = Release|Any CPU
		{F0C07BF0-6D3A-4047-A7B2-F51DC782A5B2}.Release|Any CPU.Build.0 = Release|Any CPU
	EndGlobalSection
	GlobalSection(SolutionProperties) = preSolution
		HideSolutionNode = FALSE
	EndGlobalSection
	GlobalSection(ExtensibilityGlobals) = postSolution
		SolutionGuid = {BC402FDE-8EF6-40F5-92F9-4A14A2E83F6E}
	EndGlobalSection
EndGlobal
